// !$*UTF8*$!
{
	archiveVersion = 1;
	classes = {
	};
	objectVersion = 56;
	objects = {

/* Begin PBXBuildFile section */
		37AF5F222C01E4D400148ECF /* AppDelegate.swift in Sources */ = {isa = PBXBuildFile; fileRef = 37AF5F212C01E4D400148ECF /* AppDelegate.swift */; };
		37AF5F242C01E4D400148ECF /* SceneDelegate.swift in Sources */ = {isa = PBXBuildFile; fileRef = 37AF5F232C01E4D400148ECF /* SceneDelegate.swift */; };
		37AF5F262C01E4D400148ECF /* RegisterVC.swift in Sources */ = {isa = PBXBuildFile; fileRef = 37AF5F252C01E4D400148ECF /* RegisterVC.swift */; };
		37AF5F2B2C01E4D600148ECF /* Assets.xcassets in Resources */ = {isa = PBXBuildFile; fileRef = 37AF5F2A2C01E4D600148ECF /* Assets.xcassets */; };
		37AF5F2E2C01E4D600148ECF /* Base in Resources */ = {isa = PBXBuildFile; fileRef = 37AF5F2D2C01E4D600148ECF /* Base */; };
		37AF5F3A2C02061800148ECF /* RegisterCell.swift in Sources */ = {isa = PBXBuildFile; fileRef = 37AF5F392C02061800148ECF /* RegisterCell.swift */; };
		37AF5F3D2C02063E00148ECF /* TableItem.swift in Sources */ = {isa = PBXBuildFile; fileRef = 37AF5F3C2C02063E00148ECF /* TableItem.swift */; };
		37AF5F402C0206C500148ECF /* VCProtocol.swift in Sources */ = {isa = PBXBuildFile; fileRef = 37AF5F3F2C0206C500148ECF /* VCProtocol.swift */; };
		37AF5F422C0207FF00148ECF /* CellProtocol.swift in Sources */ = {isa = PBXBuildFile; fileRef = 37AF5F412C0207FF00148ECF /* CellProtocol.swift */; };
		37AF5F452C020BBB00148ECF /* AppUI.swift in Sources */ = {isa = PBXBuildFile; fileRef = 37AF5F442C020BBB00148ECF /* AppUI.swift */; };
		37AF5F482C0344F900148ECF /* Service.swift in Sources */ = {isa = PBXBuildFile; fileRef = 37AF5F472C0344F900148ECF /* Service.swift */; };
		37AF5F4B2C0345D200148ECF /* String.ext.swift in Sources */ = {isa = PBXBuildFile; fileRef = 37AF5F4A2C0345D200148ECF /* String.ext.swift */; };
		37AF5F4D2C03595700148ECF /* EnterVC.swift in Sources */ = {isa = PBXBuildFile; fileRef = 37AF5F4C2C03595700148ECF /* EnterVC.swift */; };
		37AF5F512C038C6B00148ECF /* PasswordActor.swift in Sources */ = {isa = PBXBuildFile; fileRef = 37AF5F502C038C6B00148ECF /* PasswordActor.swift */; };
		37AF5F572C0390AE00148ECF /* ItemProtocol.swift in Sources */ = {isa = PBXBuildFile; fileRef = 37AF5F562C0390AE00148ECF /* ItemProtocol.swift */; };
		37AF5F5E2C04A5CD00148ECF /* EnterCell.swift in Sources */ = {isa = PBXBuildFile; fileRef = 37AF5F5D2C04A5CD00148ECF /* EnterCell.swift */; };
		37AF5F612C04A7BD00148ECF /* ProfileVC.swift in Sources */ = {isa = PBXBuildFile; fileRef = 37AF5F602C04A7BD00148ECF /* ProfileVC.swift */; };
/* End PBXBuildFile section */

/* Begin PBXFileReference section */
		37AF5F1E2C01E4D400148ECF /* HW1.app */ = {isa = PBXFileReference; explicitFileType = wrapper.application; includeInIndex = 0; path = HW1.app; sourceTree = BUILT_PRODUCTS_DIR; };
		37AF5F212C01E4D400148ECF /* AppDelegate.swift */ = {isa = PBXFileReference; lastKnownFileType = sourcecode.swift; path = AppDelegate.swift; sourceTree = "<group>"; };
		37AF5F232C01E4D400148ECF /* SceneDelegate.swift */ = {isa = PBXFileReference; lastKnownFileType = sourcecode.swift; path = SceneDelegate.swift; sourceTree = "<group>"; };
		37AF5F252C01E4D400148ECF /* RegisterVC.swift */ = {isa = PBXFileReference; lastKnownFileType = sourcecode.swift; path = RegisterVC.swift; sourceTree = "<group>"; };
		37AF5F2A2C01E4D600148ECF /* Assets.xcassets */ = {isa = PBXFileReference; lastKnownFileType = folder.assetcatalog; path = Assets.xcassets; sourceTree = "<group>"; };
		37AF5F2D2C01E4D600148ECF /* Base */ = {isa = PBXFileReference; lastKnownFileType = file.storyboard; name = Base; path = Base.lproj/LaunchScreen.storyboard; sourceTree = "<group>"; };
		37AF5F2F2C01E4D600148ECF /* Info.plist */ = {isa = PBXFileReference; lastKnownFileType = text.plist.xml; path = Info.plist; sourceTree = "<group>"; };
		37AF5F392C02061800148ECF /* RegisterCell.swift */ = {isa = PBXFileReference; lastKnownFileType = sourcecode.swift; path = RegisterCell.swift; sourceTree = "<group>"; };
		37AF5F3C2C02063E00148ECF /* TableItem.swift */ = {isa = PBXFileReference; lastKnownFileType = sourcecode.swift; path = TableItem.swift; sourceTree = "<group>"; };
		37AF5F3F2C0206C500148ECF /* VCProtocol.swift */ = {isa = PBXFileReference; lastKnownFileType = sourcecode.swift; path = VCProtocol.swift; sourceTree = "<group>"; };
		37AF5F412C0207FF00148ECF /* CellProtocol.swift */ = {isa = PBXFileReference; lastKnownFileType = sourcecode.swift; path = CellProtocol.swift; sourceTree = "<group>"; };
		37AF5F442C020BBB00148ECF /* AppUI.swift */ = {isa = PBXFileReference; lastKnownFileType = sourcecode.swift; path = AppUI.swift; sourceTree = "<group>"; };
		37AF5F472C0344F900148ECF /* Service.swift */ = {isa = PBXFileReference; lastKnownFileType = sourcecode.swift; path = Service.swift; sourceTree = "<group>"; };
		37AF5F4A2C0345D200148ECF /* String.ext.swift */ = {isa = PBXFileReference; lastKnownFileType = sourcecode.swift; path = String.ext.swift; sourceTree = "<group>"; };
		37AF5F4C2C03595700148ECF /* EnterVC.swift */ = {isa = PBXFileReference; lastKnownFileType = sourcecode.swift; path = EnterVC.swift; sourceTree = "<group>"; };
		37AF5F502C038C6B00148ECF /* PasswordActor.swift */ = {isa = PBXFileReference; lastKnownFileType = sourcecode.swift; path = PasswordActor.swift; sourceTree = "<group>"; };
		37AF5F562C0390AE00148ECF /* ItemProtocol.swift */ = {isa = PBXFileReference; lastKnownFileType = sourcecode.swift; path = ItemProtocol.swift; sourceTree = "<group>"; };
		37AF5F5D2C04A5CD00148ECF /* EnterCell.swift */ = {isa = PBXFileReference; lastKnownFileType = sourcecode.swift; path = EnterCell.swift; sourceTree = "<group>"; };
		37AF5F602C04A7BD00148ECF /* ProfileVC.swift */ = {isa = PBXFileReference; lastKnownFileType = sourcecode.swift; path = ProfileVC.swift; sourceTree = "<group>"; };
/* End PBXFileReference section */

/* Begin PBXFrameworksBuildPhase section */
		37AF5F1B2C01E4D400148ECF /* Frameworks */ = {
			isa = PBXFrameworksBuildPhase;
			buildActionMask = 2147483647;
			files = (
			);
			runOnlyForDeploymentPostprocessing = 0;
		};
/* End PBXFrameworksBuildPhase section */

/* Begin PBXGroup section */
		37AF5F152C01E4D400148ECF = {
			isa = PBXGroup;
			children = (
				37AF5F202C01E4D400148ECF /* HW1 */,
				37AF5F1F2C01E4D400148ECF /* Products */,
			);
			sourceTree = "<group>";
		};
		37AF5F1F2C01E4D400148ECF /* Products */ = {
			isa = PBXGroup;
			children = (
				37AF5F1E2C01E4D400148ECF /* HW1.app */,
			);
			name = Products;
			sourceTree = "<group>";
		};
		37AF5F202C01E4D400148ECF /* HW1 */ = {
			isa = PBXGroup;
			children = (
				37AF5F3B2C02062E00148ECF /* Model */,
				37AF5F492C0345C800148ECF /* Extension */,
				37AF5F462C0344DF00148ECF /* Singleton */,
				37AF5F432C020BA500148ECF /* Funcs */,
				37AF5F3E2C0206AC00148ECF /* Protocol */,
				37AF5F352C0203EC00148ECF /* Registration */,
				37AF5F362C0203FD00148ECF /* Enter */,
				37AF5F372C02040600148ECF /* Profile */,
				37AF5F212C01E4D400148ECF /* AppDelegate.swift */,
				37AF5F232C01E4D400148ECF /* SceneDelegate.swift */,
				37AF5F2A2C01E4D600148ECF /* Assets.xcassets */,
				37AF5F2C2C01E4D600148ECF /* LaunchScreen.storyboard */,
				37AF5F2F2C01E4D600148ECF /* Info.plist */,
			);
			path = HW1;
			sourceTree = "<group>";
		};
		37AF5F352C0203EC00148ECF /* Registration */ = {
			isa = PBXGroup;
			children = (
				37AF5F5A2C04A5A200148ECF /* Controlller */,
				37AF5F382C02060600148ECF /* Cell */,
			);
			path = Registration;
			sourceTree = "<group>";
		};
		37AF5F362C0203FD00148ECF /* Enter */ = {
			isa = PBXGroup;
			children = (
				37AF5F5C2C04A5C100148ECF /* Controller */,
				37AF5F5B2C04A5B800148ECF /* Cell */,
			);
			path = Enter;
			sourceTree = "<group>";
		};
		37AF5F372C02040600148ECF /* Profile */ = {
			isa = PBXGroup;
			children = (
				37AF5F5F2C04A7A700148ECF /* Controller */,
			);
			path = Profile;
			sourceTree = "<group>";
		};
		37AF5F382C02060600148ECF /* Cell */ = {
			isa = PBXGroup;
			children = (
				37AF5F392C02061800148ECF /* RegisterCell.swift */,
			);
			path = Cell;
			sourceTree = "<group>";
		};
		37AF5F3B2C02062E00148ECF /* Model */ = {
			isa = PBXGroup;
			children = (
				37AF5F3C2C02063E00148ECF /* TableItem.swift */,
			);
			path = Model;
			sourceTree = "<group>";
		};
		37AF5F3E2C0206AC00148ECF /* Protocol */ = {
			isa = PBXGroup;
			children = (
				37AF5F3F2C0206C500148ECF /* VCProtocol.swift */,
				37AF5F412C0207FF00148ECF /* CellProtocol.swift */,
				37AF5F562C0390AE00148ECF /* ItemProtocol.swift */,
			);
			path = Protocol;
			sourceTree = "<group>";
		};
		37AF5F432C020BA500148ECF /* Funcs */ = {
			isa = PBXGroup;
			children = (
				37AF5F442C020BBB00148ECF /* AppUI.swift */,
				37AF5F502C038C6B00148ECF /* PasswordActor.swift */,
			);
			path = Funcs;
			sourceTree = "<group>";
		};
		37AF5F462C0344DF00148ECF /* Singleton */ = {
			isa = PBXGroup;
			children = (
				37AF5F472C0344F900148ECF /* Service.swift */,
			);
			path = Singleton;
			sourceTree = "<group>";
		};
		37AF5F492C0345C800148ECF /* Extension */ = {
			isa = PBXGroup;
			children = (
				37AF5F4A2C0345D200148ECF /* String.ext.swift */,
			);
			path = Extension;
			sourceTree = "<group>";
		};
		37AF5F5A2C04A5A200148ECF /* Controlller */ = {
			isa = PBXGroup;
			children = (
				37AF5F252C01E4D400148ECF /* RegisterVC.swift */,
			);
			path = Controlller;
			sourceTree = "<group>";
		};
		37AF5F5B2C04A5B800148ECF /* Cell */ = {
			isa = PBXGroup;
			children = (
				37AF5F5D2C04A5CD00148ECF /* EnterCell.swift */,
			);
			path = Cell;
			sourceTree = "<group>";
		};
		37AF5F5C2C04A5C100148ECF /* Controller */ = {
			isa = PBXGroup;
			children = (
				37AF5F4C2C03595700148ECF /* EnterVC.swift */,
			);
			path = Controller;
			sourceTree = "<group>";
		};
		37AF5F5F2C04A7A700148ECF /* Controller */ = {
			isa = PBXGroup;
			children = (
				37AF5F602C04A7BD00148ECF /* ProfileVC.swift */,
			);
			path = Controller;
			sourceTree = "<group>";
		};
/* End PBXGroup section */

/* Begin PBXNativeTarget section */
		37AF5F1D2C01E4D400148ECF /* HW1 */ = {
			isa = PBXNativeTarget;
			buildConfigurationList = 37AF5F322C01E4D600148ECF /* Build configuration list for PBXNativeTarget "HW1" */;
			buildPhases = (
				37AF5F1A2C01E4D400148ECF /* Sources */,
				37AF5F1B2C01E4D400148ECF /* Frameworks */,
				37AF5F1C2C01E4D400148ECF /* Resources */,
			);
			buildRules = (
			);
			dependencies = (
			);
			name = HW1;
			productName = HW1;
			productReference = 37AF5F1E2C01E4D400148ECF /* HW1.app */;
			productType = "com.apple.product-type.application";
		};
/* End PBXNativeTarget section */

/* Begin PBXProject section */
		37AF5F162C01E4D400148ECF /* Project object */ = {
			isa = PBXProject;
			attributes = {
				BuildIndependentTargetsInParallel = 1;
				LastSwiftUpdateCheck = 1540;
				LastUpgradeCheck = 1540;
				TargetAttributes = {
					37AF5F1D2C01E4D400148ECF = {
						CreatedOnToolsVersion = 15.4;
					};
				};
			};
			buildConfigurationList = 37AF5F192C01E4D400148ECF /* Build configuration list for PBXProject "HW1" */;
			compatibilityVersion = "Xcode 14.0";
			developmentRegion = en;
			hasScannedForEncodings = 0;
			knownRegions = (
				en,
				Base,
			);
			mainGroup = 37AF5F152C01E4D400148ECF;
			productRefGroup = 37AF5F1F2C01E4D400148ECF /* Products */;
			projectDirPath = "";
			projectRoot = "";
			targets = (
				37AF5F1D2C01E4D400148ECF /* HW1 */,
			);
		};
/* End PBXProject section */

/* Begin PBXResourcesBuildPhase section */
		37AF5F1C2C01E4D400148ECF /* Resources */ = {
			isa = PBXResourcesBuildPhase;
			buildActionMask = 2147483647;
			files = (
				37AF5F2B2C01E4D600148ECF /* Assets.xcassets in Resources */,
				37AF5F2E2C01E4D600148ECF /* Base in Resources */,
			);
			runOnlyForDeploymentPostprocessing = 0;
		};
/* End PBXResourcesBuildPhase section */

/* Begin PBXSourcesBuildPhase section */
		37AF5F1A2C01E4D400148ECF /* Sources */ = {
			isa = PBXSourcesBuildPhase;
			buildActionMask = 2147483647;
			files = (
				37AF5F612C04A7BD00148ECF /* ProfileVC.swift in Sources */,
				37AF5F262C01E4D400148ECF /* RegisterVC.swift in Sources */,
				37AF5F402C0206C500148ECF /* VCProtocol.swift in Sources */,
				37AF5F222C01E4D400148ECF /* AppDelegate.swift in Sources */,
				37AF5F422C0207FF00148ECF /* CellProtocol.swift in Sources */,
				37AF5F3A2C02061800148ECF /* RegisterCell.swift in Sources */,
				37AF5F482C0344F900148ECF /* Service.swift in Sources */,
				37AF5F452C020BBB00148ECF /* AppUI.swift in Sources */,
				37AF5F4D2C03595700148ECF /* EnterVC.swift in Sources */,
				37AF5F5E2C04A5CD00148ECF /* EnterCell.swift in Sources */,
				37AF5F242C01E4D400148ECF /* SceneDelegate.swift in Sources */,
				37AF5F512C038C6B00148ECF /* PasswordActor.swift in Sources */,
				37AF5F3D2C02063E00148ECF /* TableItem.swift in Sources */,
				37AF5F572C0390AE00148ECF /* ItemProtocol.swift in Sources */,
				37AF5F4B2C0345D200148ECF /* String.ext.swift in Sources */,
			);
			runOnlyForDeploymentPostprocessing = 0;
		};
/* End PBXSourcesBuildPhase section */

/* Begin PBXVariantGroup section */
		37AF5F2C2C01E4D600148ECF /* LaunchScreen.storyboard */ = {
			isa = PBXVariantGroup;
			children = (
				37AF5F2D2C01E4D600148ECF /* Base */,
			);
			name = LaunchScreen.storyboard;
			sourceTree = "<group>";
		};
/* End PBXVariantGroup section */

/* Begin XCBuildConfiguration section */
		37AF5F302C01E4D600148ECF /* Debug */ = {
			isa = XCBuildConfiguration;
			buildSettings = {
				ALWAYS_SEARCH_USER_PATHS = NO;
				ASSETCATALOG_COMPILER_GENERATE_SWIFT_ASSET_SYMBOL_EXTENSIONS = YES;
				CLANG_ANALYZER_NONNULL = YES;
				CLANG_ANALYZER_NUMBER_OBJECT_CONVERSION = YES_AGGRESSIVE;
				CLANG_CXX_LANGUAGE_STANDARD = "gnu++20";
				CLANG_ENABLE_MODULES = YES;
				CLANG_ENABLE_OBJC_ARC = YES;
				CLANG_ENABLE_OBJC_WEAK = YES;
				CLANG_WARN_BLOCK_CAPTURE_AUTORELEASING = YES;
				CLANG_WARN_BOOL_CONVERSION = YES;
				CLANG_WARN_COMMA = YES;
				CLANG_WARN_CONSTANT_CONVERSION = YES;
				CLANG_WARN_DEPRECATED_OBJC_IMPLEMENTATIONS = YES;
				CLANG_WARN_DIRECT_OBJC_ISA_USAGE = YES_ERROR;
				CLANG_WARN_DOCUMENTATION_COMMENTS = YES;
				CLANG_WARN_EMPTY_BODY = YES;
				CLANG_WARN_ENUM_CONVERSION = YES;
				CLANG_WARN_INFINITE_RECURSION = YES;
				CLANG_WARN_INT_CONVERSION = YES;
				CLANG_WARN_NON_LITERAL_NULL_CONVERSION = YES;
				CLANG_WARN_OBJC_IMPLICIT_RETAIN_SELF = YES;
				CLANG_WARN_OBJC_LITERAL_CONVERSION = YES;
				CLANG_WARN_OBJC_ROOT_CLASS = YES_ERROR;
				CLANG_WARN_QUOTED_INCLUDE_IN_FRAMEWORK_HEADER = YES;
				CLANG_WARN_RANGE_LOOP_ANALYSIS = YES;
				CLANG_WARN_STRICT_PROTOTYPES = YES;
				CLANG_WARN_SUSPICIOUS_MOVE = YES;
				CLANG_WARN_UNGUARDED_AVAILABILITY = YES_AGGRESSIVE;
				CLANG_WARN_UNREACHABLE_CODE = YES;
				CLANG_WARN__DUPLICATE_METHOD_MATCH = YES;
				COPY_PHASE_STRIP = NO;
				DEBUG_INFORMATION_FORMAT = dwarf;
				ENABLE_STRICT_OBJC_MSGSEND = YES;
				ENABLE_TESTABILITY = YES;
				ENABLE_USER_SCRIPT_SANDBOXING = YES;
				GCC_C_LANGUAGE_STANDARD = gnu17;
				GCC_DYNAMIC_NO_PIC = NO;
				GCC_NO_COMMON_BLOCKS = YES;
				GCC_OPTIMIZATION_LEVEL = 0;
				GCC_PREPROCESSOR_DEFINITIONS = (
					"DEBUG=1",
					"$(inherited)",
				);
				GCC_WARN_64_TO_32_BIT_CONVERSION = YES;
				GCC_WARN_ABOUT_RETURN_TYPE = YES_ERROR;
				GCC_WARN_UNDECLARED_SELECTOR = YES;
				GCC_WARN_UNINITIALIZED_AUTOS = YES_AGGRESSIVE;
				GCC_WARN_UNUSED_FUNCTION = YES;
				GCC_WARN_UNUSED_VARIABLE = YES;
				IPHONEOS_DEPLOYMENT_TARGET = 17.5;
				LOCALIZATION_PREFERS_STRING_CATALOGS = YES;
				MTL_ENABLE_DEBUG_INFO = INCLUDE_SOURCE;
				MTL_FAST_MATH = YES;
				ONLY_ACTIVE_ARCH = YES;
				SDKROOT = iphoneos;
				SWIFT_ACTIVE_COMPILATION_CONDITIONS = "DEBUG $(inherited)";
				SWIFT_OPTIMIZATION_LEVEL = "-Onone";
			};
			name = Debug;
		};
		37AF5F312C01E4D600148ECF /* Release */ = {
			isa = XCBuildConfiguration;
			buildSettings = {
				ALWAYS_SEARCH_USER_PATHS = NO;
				ASSETCATALOG_COMPILER_GENERATE_SWIFT_ASSET_SYMBOL_EXTENSIONS = YES;
				CLANG_ANALYZER_NONNULL = YES;
				CLANG_ANALYZER_NUMBER_OBJECT_CONVERSION = YES_AGGRESSIVE;
				CLANG_CXX_LANGUAGE_STANDARD = "gnu++20";
				CLANG_ENABLE_MODULES = YES;
				CLANG_ENABLE_OBJC_ARC = YES;
				CLANG_ENABLE_OBJC_WEAK = YES;
				CLANG_WARN_BLOCK_CAPTURE_AUTORELEASING = YES;
				CLANG_WARN_BOOL_CONVERSION = YES;
				CLANG_WARN_COMMA = YES;
				CLANG_WARN_CONSTANT_CONVERSION = YES;
				CLANG_WARN_DEPRECATED_OBJC_IMPLEMENTATIONS = YES;
				CLANG_WARN_DIRECT_OBJC_ISA_USAGE = YES_ERROR;
				CLANG_WARN_DOCUMENTATION_COMMENTS = YES;
				CLANG_WARN_EMPTY_BODY = YES;
				CLANG_WARN_ENUM_CONVERSION = YES;
				CLANG_WARN_INFINITE_RECURSION = YES;
				CLANG_WARN_INT_CONVERSION = YES;
				CLANG_WARN_NON_LITERAL_NULL_CONVERSION = YES;
				CLANG_WARN_OBJC_IMPLICIT_RETAIN_SELF = YES;
				CLANG_WARN_OBJC_LITERAL_CONVERSION = YES;
				CLANG_WARN_OBJC_ROOT_CLASS = YES_ERROR;
				CLANG_WARN_QUOTED_INCLUDE_IN_FRAMEWORK_HEADER = YES;
				CLANG_WARN_RANGE_LOOP_ANALYSIS = YES;
				CLANG_WARN_STRICT_PROTOTYPES = YES;
				CLANG_WARN_SUSPICIOUS_MOVE = YES;
				CLANG_WARN_UNGUARDED_AVAILABILITY = YES_AGGRESSIVE;
				CLANG_WARN_UNREACHABLE_CODE = YES;
				CLANG_WARN__DUPLICATE_METHOD_MATCH = YES;
				COPY_PHASE_STRIP = NO;
				DEBUG_INFORMATION_FORMAT = "dwarf-with-dsym";
				ENABLE_NS_ASSERTIONS = NO;
				ENABLE_STRICT_OBJC_MSGSEND = YES;
				ENABLE_USER_SCRIPT_SANDBOXING = YES;
				GCC_C_LANGUAGE_STANDARD = gnu17;
				GCC_NO_COMMON_BLOCKS = YES;
				GCC_WARN_64_TO_32_BIT_CONVERSION = YES;
				GCC_WARN_ABOUT_RETURN_TYPE = YES_ERROR;
				GCC_WARN_UNDECLARED_SELECTOR = YES;
				GCC_WARN_UNINITIALIZED_AUTOS = YES_AGGRESSIVE;
				GCC_WARN_UNUSED_FUNCTION = YES;
				GCC_WARN_UNUSED_VARIABLE = YES;
				IPHONEOS_DEPLOYMENT_TARGET = 17.5;
				LOCALIZATION_PREFERS_STRING_CATALOGS = YES;
				MTL_ENABLE_DEBUG_INFO = NO;
				MTL_FAST_MATH = YES;
				SDKROOT = iphoneos;
				SWIFT_COMPILATION_MODE = wholemodule;
				VALIDATE_PRODUCT = YES;
			};
			name = Release;
		};
		37AF5F332C01E4D600148ECF /* Debug */ = {
			isa = XCBuildConfiguration;
			buildSettings = {
				ASSETCATALOG_COMPILER_APPICON_NAME = AppIcon;
				ASSETCATALOG_COMPILER_GLOBAL_ACCENT_COLOR_NAME = AccentColor;
				CODE_SIGN_STYLE = Automatic;
				CURRENT_PROJECT_VERSION = 1;
				DEVELOPMENT_TEAM = T3Y57V3BSA;
				GENERATE_INFOPLIST_FILE = YES;
				INFOPLIST_FILE = HW1/Info.plist;
				INFOPLIST_KEY_UIApplicationSupportsIndirectInputEvents = YES;
				INFOPLIST_KEY_UILaunchStoryboardName = LaunchScreen;
				INFOPLIST_KEY_UISupportedInterfaceOrientations_iPad = "UIInterfaceOrientationPortrait UIInterfaceOrientationPortraitUpsideDown UIInterfaceOrientationLandscapeLeft UIInterfaceOrientationLandscapeRight";
				INFOPLIST_KEY_UISupportedInterfaceOrientations_iPhone = "UIInterfaceOrientationPortrait UIInterfaceOrientationLandscapeLeft UIInterfaceOrientationLandscapeRight";
				LD_RUNPATH_SEARCH_PATHS = (
					"$(inherited)",
					"@executable_path/Frameworks",
				);
				MARKETING_VERSION = 1.0;
				PRODUCT_BUNDLE_IDENTIFIER = com.grad0ff.Developer.HW1;
				PRODUCT_NAME = "$(TARGET_NAME)";
				SWIFT_EMIT_LOC_STRINGS = YES;
				SWIFT_VERSION = 5.0;
				TARGETED_DEVICE_FAMILY = "1,2";
			};
			name = Debug;
		};
		37AF5F342C01E4D600148ECF /* Release */ = {
			isa = XCBuildConfiguration;
			buildSettings = {
				ASSETCATALOG_COMPILER_APPICON_NAME = AppIcon;
				ASSETCATALOG_COMPILER_GLOBAL_ACCENT_COLOR_NAME = AccentColor;
				CODE_SIGN_STYLE = Automatic;
				CURRENT_PROJECT_VERSION = 1;
				DEVELOPMENT_TEAM = T3Y57V3BSA;
				GENERATE_INFOPLIST_FILE = YES;
				INFOPLIST_FILE = HW1/Info.plist;
				INFOPLIST_KEY_UIApplicationSupportsIndirectInputEvents = YES;
				INFOPLIST_KEY_UILaunchStoryboardName = LaunchScreen;
				INFOPLIST_KEY_UISupportedInterfaceOrientations_iPad = "UIInterfaceOrientationPortrait UIInterfaceOrientationPortraitUpsideDown UIInterfaceOrientationLandscapeLeft UIInterfaceOrientationLandscapeRight";
				INFOPLIST_KEY_UISupportedInterfaceOrientations_iPhone = "UIInterfaceOrientationPortrait UIInterfaceOrientationLandscapeLeft UIInterfaceOrientationLandscapeRight";
				LD_RUNPATH_SEARCH_PATHS = (
					"$(inherited)",
					"@executable_path/Frameworks",
				);
				MARKETING_VERSION = 1.0;
				PRODUCT_BUNDLE_IDENTIFIER = com.grad0ff.Developer.HW1;
				PRODUCT_NAME = "$(TARGET_NAME)";
				SWIFT_EMIT_LOC_STRINGS = YES;
				SWIFT_VERSION = 5.0;
				TARGETED_DEVICE_FAMILY = "1,2";
			};
			name = Release;
		};
/* End XCBuildConfiguration section */

/* Begin XCConfigurationList section */
		37AF5F192C01E4D400148ECF /* Build configuration list for PBXProject "HW1" */ = {
			isa = XCConfigurationList;
			buildConfigurations = (
				37AF5F302C01E4D600148ECF /* Debug */,
				37AF5F312C01E4D600148ECF /* Release */,
			);
			defaultConfigurationIsVisible = 0;
			defaultConfigurationName = Release;
		};
		37AF5F322C01E4D600148ECF /* Build configuration list for PBXNativeTarget "HW1" */ = {
			isa = XCConfigurationList;
			buildConfigurations = (
				37AF5F332C01E4D600148ECF /* Debug */,
				37AF5F342C01E4D600148ECF /* Release */,
			);
			defaultConfigurationIsVisible = 0;
			defaultConfigurationName = Release;
		};
/* End XCConfigurationList section */
	};
	rootObject = 37AF5F162C01E4D400148ECF /* Project object */;
}
